version = 1
revision = 1
requires-python = ">=3.13"

[[package]]
name = "environs"
version = "14.1.1"
source = { registry = "https://pypi.org/simple" }
dependencies = [
    { name = "marshmallow" },
    { name = "python-dotenv" },
]
sdist = { url = "https://files.pythonhosted.org/packages/31/d3/e82bdbb8cc332e751f67a3f668c5d134d57f983497d9f3a59a375b6e8fd8/environs-14.1.1.tar.gz", hash = "sha256:03db7ee2d50ec697b68814cd175a3a05a7c7954804e4e419ca8b570dc5a835cf", size = 32050 }
wheels = [
    { url = "https://files.pythonhosted.org/packages/f4/1c/ab9752f02d32d981d647c05822be9ff93809be8953dacea2da2bec9a9de9/environs-14.1.1-py3-none-any.whl", hash = "sha256:45bc56f1d53bbc59d8dd69bba97377dd88ec28b8229d81cedbd455b21789445b", size = 15566 },
]

[[package]]
name = "marshmallow"
version = "4.0.0"
source = { registry = "https://pypi.org/simple" }
sdist = { url = "https://files.pythonhosted.org/packages/1e/ff/26df5a9f5ac57ccf693a5854916ab47243039d2aa9e0fe5f5a0331e7b74b/marshmallow-4.0.0.tar.gz", hash = "sha256:3b6e80aac299a7935cfb97ed01d1854fb90b5079430969af92118ea1b12a8d55", size = 220507 }
wheels = [
    { url = "https://files.pythonhosted.org/packages/d6/26/6cc45d156f44dbe1d5696d9e54042e4dcaf7b946c0b86df6a97d29706f32/marshmallow-4.0.0-py3-none-any.whl", hash = "sha256:e7b0528337e9990fd64950f8a6b3a1baabed09ad17a0dfb844d701151f92d203", size = 48420 },
]

[[package]]
name = "python-dotenv"
version = "1.1.0"
source = { registry = "https://pypi.org/simple" }
sdist = { url = "https://files.pythonhosted.org/packages/88/2c/7bb1416c5620485aa793f2de31d3df393d3686aa8a8506d11e10e13c5baf/python_dotenv-1.1.0.tar.gz", hash = "sha256:41f90bc6f5f177fb41f53e87666db362025010eb28f60a01c9143bfa33a2b2d5", size = 39920 }
wheels = [
    { url = "https://files.pythonhosted.org/packages/1e/18/98a99ad95133c6a6e2005fe89faedf294a748bd5dc803008059409ac9b1e/python_dotenv-1.1.0-py3-none-any.whl", hash = "sha256:d7c01d9e2293916c18baf562d95698754b0dbbb5e74d457c45d4f6561fb9d55d", size = 20256 },
]

[[package]]
name = "test-airport-docker-api"
version = "0.1.0"
source = { virtual = "." }
dependencies = [
    { name = "environs" },
]

[package.metadata]
requires-dist = [{ name = "environs", specifier = ">=14.1.1" }]
